
Microsoft Visual Studio Solution File, Format Version 12.00
# Visual Studio Version 17
VisualStudioVersion = 17.2.32526.322
MinimumVisualStudioVersion = 10.0.40219.1
Project("{FAE04EC0-301F-11D3-BF4B-00C04F79EFBC}") = "FunkyBus", "FunkyBus\FunkyBus.csproj", "{AC741DE8-8703-4AD6-BDCC-FC82D1D93B42}"
EndProject
Project("{FAE04EC0-301F-11D3-BF4B-00C04F79EFBC}") = "FunkyBusTests", "FunkyBusTests\FunkyBusTests.csproj", "{A391D6DF-0EE8-457B-BBE1-C8B0C9D7D063}"
EndProject
Global
	GlobalSection(SolutionConfigurationPlatforms) = preSolution
		Debug|Any CPU = Debug|Any CPU
		Release|Any CPU = Release|Any CPU
	EndGlobalSection
	GlobalSection(ProjectConfigurationPlatforms) = postSolution
		{AC741DE8-8703-4AD6-BDCC-FC82D1D93B42}.Debug|Any CPU.ActiveCfg = Debug|Any CPU
		{AC741DE8-8703-4AD6-BDCC-FC82D1D93B42}.Debug|Any CPU.Build.0 = Debug|Any CPU
		{AC741DE8-8703-4AD6-BDCC-FC82D1D93B42}.Release|Any CPU.ActiveCfg = Release|Any CPU
		{AC741DE8-8703-4AD6-BDCC-FC82D1D93B42}.Release|Any CPU.Build.0 = Release|Any CPU
		{A391D6DF-0EE8-457B-BBE1-C8B0C9D7D063}.Debug|Any CPU.ActiveCfg = Debug|Any CPU
		{A391D6DF-0EE8-457B-BBE1-C8B0C9D7D063}.Debug|Any CPU.Build.0 = Debug|Any CPU
		{A391D6DF-0EE8-457B-BBE1-C8B0C9D7D063}.Release|Any CPU.ActiveCfg = Release|Any CPU
		{A391D6DF-0EE8-457B-BBE1-C8B0C9D7D063}.Release|Any CPU.Build.0 = Release|Any CPU
	EndGlobalSection
	GlobalSection(SolutionProperties) = preSolution
		HideSolutionNode = FALSE
	EndGlobalSection
	GlobalSection(ExtensibilityGlobals) = postSolution
		SolutionGuid = {D1B151FF-7BBF-470E-91F0-DAE8955731B0}
	EndGlobalSection
EndGlobal
